
Microsoft Visual Studio Solution File, Format Version 12.00
# Visual Studio Version 16
VisualStudioVersion = 16.0.30114.105
MinimumVisualStudioVersion = 10.0.40219.1
Project("{9A19103F-16F7-4668-BE54-9A1E7A4F7556}") = "MyResume", "MyResume.csproj", "{10BECF02-8703-46C9-B683-9E28BFC701DE}"
EndProject
Project("{E53339B2-1760-4266-BCC7-CA923CBCF16C}") = "docker-compose", "docker-compose.dcproj", "{C3F16B76-3A21-4286-9804-A9B98DB8380C}"
EndProject
Global
	GlobalSection(SolutionConfigurationPlatforms) = preSolution
		Debug|Any CPU = Debug|Any CPU
		Release|Any CPU = Release|Any CPU
	EndGlobalSection
	GlobalSection(ProjectConfigurationPlatforms) = postSolution
		{10BECF02-8703-46C9-B683-9E28BFC701DE}.Debug|Any CPU.ActiveCfg = Debug|Any CPU
		{10BECF02-8703-46C9-B683-9E28BFC701DE}.Debug|Any CPU.Build.0 = Debug|Any CPU
		{10BECF02-8703-46C9-B683-9E28BFC701DE}.Release|Any CPU.ActiveCfg = Release|Any CPU
		{10BECF02-8703-46C9-B683-9E28BFC701DE}.Release|Any CPU.Build.0 = Release|Any CPU
		{C3F16B76-3A21-4286-9804-A9B98DB8380C}.Debug|Any CPU.ActiveCfg = Debug|Any CPU
		{C3F16B76-3A21-4286-9804-A9B98DB8380C}.Debug|Any CPU.Build.0 = Debug|Any CPU
		{C3F16B76-3A21-4286-9804-A9B98DB8380C}.Release|Any CPU.ActiveCfg = Release|Any CPU
		{C3F16B76-3A21-4286-9804-A9B98DB8380C}.Release|Any CPU.Build.0 = Release|Any CPU
	EndGlobalSection
	GlobalSection(SolutionProperties) = preSolution
		HideSolutionNode = FALSE
	EndGlobalSection
	GlobalSection(ExtensibilityGlobals) = postSolution
		SolutionGuid = {179FF9F5-703B-44FC-9190-FCE88CB01EFE}
	EndGlobalSection
EndGlobal
